// !$*UTF8*$!
{
	archiveVersion = 1;
	classes = {
	};
	objectVersion = 77;
	objects = {

/* Begin PBXBuildFile section */
		178947372CA381ED00598BE3 /* Lottie in Frameworks */ = {isa = PBXBuildFile; productRef = 178947362CA381ED00598BE3 /* Lottie */; };
		17BAC0A72CC2DB1E0078F69D /* Perception in Frameworks */ = {isa = PBXBuildFile; productRef = 17BAC0A62CC2DB1E0078F69D /* Perception */; };
		17C0B5B42CED0CF600A04AC5 /* TODO.md in Resources */ = {isa = PBXBuildFile; fileRef = 17C0B5B32CED0CF600A04AC5 /* TODO.md */; };
/* End PBXBuildFile section */

/* Begin PBXContainerItemProxy section */
		17A8441A2C936DB0008721D5 /* PBXContainerItemProxy */ = {
			isa = PBXContainerItemProxy;
			containerPortal = 17A843FB2C936DAF008721D5 /* Project object */;
			proxyType = 1;
			remoteGlobalIDString = 17A844022C936DAF008721D5;
			remoteInfo = Gridflix;
		};
		17A844242C936DB0008721D5 /* PBXContainerItemProxy */ = {
			isa = PBXContainerItemProxy;
			containerPortal = 17A843FB2C936DAF008721D5 /* Project object */;
			proxyType = 1;
			remoteGlobalIDString = 17A844022C936DAF008721D5;
			remoteInfo = Gridflix;
		};
/* End PBXContainerItemProxy section */

/* Begin PBXFileReference section */
		17A844032C936DAF008721D5 /* Gridflix.app */ = {isa = PBXFileReference; explicitFileType = wrapper.application; includeInIndex = 0; path = Gridflix.app; sourceTree = BUILT_PRODUCTS_DIR; };
		17A844192C936DB0008721D5 /* GridflixTests.xctest */ = {isa = PBXFileReference; explicitFileType = wrapper.cfbundle; includeInIndex = 0; path = GridflixTests.xctest; sourceTree = BUILT_PRODUCTS_DIR; };
		17A844232C936DB0008721D5 /* GridflixUITests.xctest */ = {isa = PBXFileReference; explicitFileType = wrapper.cfbundle; includeInIndex = 0; path = GridflixUITests.xctest; sourceTree = BUILT_PRODUCTS_DIR; };
		17C0B5B32CED0CF600A04AC5 /* TODO.md */ = {isa = PBXFileReference; lastKnownFileType = net.daringfireball.markdown; path = TODO.md; sourceTree = "<group>"; };
/* End PBXFileReference section */

/* Begin PBXFileSystemSynchronizedBuildFileExceptionSet section */
		17A8442B2C936DB0008721D5 /* Exceptions for "Gridflix" folder in "Gridflix" target */ = {
			isa = PBXFileSystemSynchronizedBuildFileExceptionSet;
			membershipExceptions = (
				Info.plist,
			);
			target = 17A844022C936DAF008721D5 /* Gridflix */;
		};
/* End PBXFileSystemSynchronizedBuildFileExceptionSet section */

/* Begin PBXFileSystemSynchronizedRootGroup section */
		17A844052C936DAF008721D5 /* Gridflix */ = {
			isa = PBXFileSystemSynchronizedRootGroup;
			exceptions = (
				17A8442B2C936DB0008721D5 /* Exceptions for "Gridflix" folder in "Gridflix" target */,
			);
			path = Gridflix;
			sourceTree = "<group>";
		};
		17A8441C2C936DB0008721D5 /* GridflixTests */ = {
			isa = PBXFileSystemSynchronizedRootGroup;
			path = GridflixTests;
			sourceTree = "<group>";
		};
		17A844262C936DB0008721D5 /* GridflixUITests */ = {
			isa = PBXFileSystemSynchronizedRootGroup;
			path = GridflixUITests;
			sourceTree = "<group>";
		};
/* End PBXFileSystemSynchronizedRootGroup section */

/* Begin PBXFrameworksBuildPhase section */
		17A844002C936DAF008721D5 /* Frameworks */ = {
			isa = PBXFrameworksBuildPhase;
			buildActionMask = 2147483647;
			files = (
				178947372CA381ED00598BE3 /* Lottie in Frameworks */,
				17BAC0A72CC2DB1E0078F69D /* Perception in Frameworks */,
			);
			runOnlyForDeploymentPostprocessing = 0;
		};
		17A844162C936DB0008721D5 /* Frameworks */ = {
			isa = PBXFrameworksBuildPhase;
			buildActionMask = 2147483647;
			files = (
			);
			runOnlyForDeploymentPostprocessing = 0;
		};
		17A844202C936DB0008721D5 /* Frameworks */ = {
			isa = PBXFrameworksBuildPhase;
			buildActionMask = 2147483647;
			files = (
			);
			runOnlyForDeploymentPostprocessing = 0;
		};
/* End PBXFrameworksBuildPhase section */

/* Begin PBXGroup section */
		17A843FA2C936DAF008721D5 = {
			isa = PBXGroup;
			children = (
				17C0B5B32CED0CF600A04AC5 /* TODO.md */,
				17A844052C936DAF008721D5 /* Gridflix */,
				17A8441C2C936DB0008721D5 /* GridflixTests */,
				17A844262C936DB0008721D5 /* GridflixUITests */,
				17A844042C936DAF008721D5 /* Products */,
			);
			sourceTree = "<group>";
		};
		17A844042C936DAF008721D5 /* Products */ = {
			isa = PBXGroup;
			children = (
				17A844032C936DAF008721D5 /* Gridflix.app */,
				17A844192C936DB0008721D5 /* GridflixTests.xctest */,
				17A844232C936DB0008721D5 /* GridflixUITests.xctest */,
			);
			name = Products;
			sourceTree = "<group>";
		};
/* End PBXGroup section */

/* Begin PBXNativeTarget section */
		17A844022C936DAF008721D5 /* Gridflix */ = {
			isa = PBXNativeTarget;
			buildConfigurationList = 17A8442C2C936DB0008721D5 /* Build configuration list for PBXNativeTarget "Gridflix" */;
			buildPhases = (
				17A843FF2C936DAF008721D5 /* Sources */,
				17A844002C936DAF008721D5 /* Frameworks */,
				17A844012C936DAF008721D5 /* Resources */,
			);
			buildRules = (
			);
			dependencies = (
			);
			fileSystemSynchronizedGroups = (
				17A844052C936DAF008721D5 /* Gridflix */,
			);
			name = Gridflix;
			packageProductDependencies = (
				178947362CA381ED00598BE3 /* Lottie */,
				17BAC0A62CC2DB1E0078F69D /* Perception */,
			);
			productName = Gridflix;
			productReference = 17A844032C936DAF008721D5 /* Gridflix.app */;
			productType = "com.apple.product-type.application";
		};
		17A844182C936DB0008721D5 /* GridflixTests */ = {
			isa = PBXNativeTarget;
			buildConfigurationList = 17A844312C936DB0008721D5 /* Build configuration list for PBXNativeTarget "GridflixTests" */;
			buildPhases = (
				17A844152C936DB0008721D5 /* Sources */,
				17A844162C936DB0008721D5 /* Frameworks */,
				17A844172C936DB0008721D5 /* Resources */,
			);
			buildRules = (
			);
			dependencies = (
				17A8441B2C936DB0008721D5 /* PBXTargetDependency */,
			);
			fileSystemSynchronizedGroups = (
				17A8441C2C936DB0008721D5 /* GridflixTests */,
			);
			name = GridflixTests;
			packageProductDependencies = (
			);
			productName = GridflixTests;
			productReference = 17A844192C936DB0008721D5 /* GridflixTests.xctest */;
			productType = "com.apple.product-type.bundle.unit-test";
		};
		17A844222C936DB0008721D5 /* GridflixUITests */ = {
			isa = PBXNativeTarget;
			buildConfigurationList = 17A844342C936DB0008721D5 /* Build configuration list for PBXNativeTarget "GridflixUITests" */;
			buildPhases = (
				17A8441F2C936DB0008721D5 /* Sources */,
				17A844202C936DB0008721D5 /* Frameworks */,
				17A844212C936DB0008721D5 /* Resources */,
			);
			buildRules = (
			);
			dependencies = (
				17A844252C936DB0008721D5 /* PBXTargetDependency */,
			);
			fileSystemSynchronizedGroups = (
				17A844262C936DB0008721D5 /* GridflixUITests */,
			);
			name = GridflixUITests;
			packageProductDependencies = (
			);
			productName = GridflixUITests;
			productReference = 17A844232C936DB0008721D5 /* GridflixUITests.xctest */;
			productType = "com.apple.product-type.bundle.ui-testing";
		};
/* End PBXNativeTarget section */

/* Begin PBXProject section */
		17A843FB2C936DAF008721D5 /* Project object */ = {
			isa = PBXProject;
			attributes = {
				BuildIndependentTargetsInParallel = 1;
				LastSwiftUpdateCheck = 1600;
				LastUpgradeCheck = 1600;
				TargetAttributes = {
					17A844022C936DAF008721D5 = {
						CreatedOnToolsVersion = 16.0;
					};
					17A844182C936DB0008721D5 = {
						CreatedOnToolsVersion = 16.0;
						TestTargetID = 17A844022C936DAF008721D5;
					};
					17A844222C936DB0008721D5 = {
						CreatedOnToolsVersion = 16.0;
						TestTargetID = 17A844022C936DAF008721D5;
					};
				};
			};
			buildConfigurationList = 17A843FE2C936DAF008721D5 /* Build configuration list for PBXProject "Gridflix" */;
			developmentRegion = en;
			hasScannedForEncodings = 0;
			knownRegions = (
				en,
				Base,
			);
			mainGroup = 17A843FA2C936DAF008721D5;
			minimizedProjectReferenceProxies = 1;
			packageReferences = (
				178947352CA381ED00598BE3 /* XCRemoteSwiftPackageReference "lottie-spm" */,
				17BAC0A52CC2DB1E0078F69D /* XCRemoteSwiftPackageReference "swift-perception" */,
			);
			preferredProjectObjectVersion = 77;
			productRefGroup = 17A844042C936DAF008721D5 /* Products */;
			projectDirPath = "";
			projectRoot = "";
			targets = (
				17A844022C936DAF008721D5 /* Gridflix */,
				17A844182C936DB0008721D5 /* GridflixTests */,
				17A844222C936DB0008721D5 /* GridflixUITests */,
			);
		};
/* End PBXProject section */

/* Begin PBXResourcesBuildPhase section */
		17A844012C936DAF008721D5 /* Resources */ = {
			isa = PBXResourcesBuildPhase;
			buildActionMask = 2147483647;
			files = (
				17C0B5B42CED0CF600A04AC5 /* TODO.md in Resources */,
			);
			runOnlyForDeploymentPostprocessing = 0;
		};
		17A844172C936DB0008721D5 /* Resources */ = {
			isa = PBXResourcesBuildPhase;
			buildActionMask = 2147483647;
			files = (
			);
			runOnlyForDeploymentPostprocessing = 0;
		};
		17A844212C936DB0008721D5 /* Resources */ = {
			isa = PBXResourcesBuildPhase;
			buildActionMask = 2147483647;
			files = (
			);
			runOnlyForDeploymentPostprocessing = 0;
		};
/* End PBXResourcesBuildPhase section */

/* Begin PBXSourcesBuildPhase section */
		17A843FF2C936DAF008721D5 /* Sources */ = {
			isa = PBXSourcesBuildPhase;
			buildActionMask = 2147483647;
			files = (
			);
			runOnlyForDeploymentPostprocessing = 0;
		};
		17A844152C936DB0008721D5 /* Sources */ = {
			isa = PBXSourcesBuildPhase;
			buildActionMask = 2147483647;
			files = (
			);
			runOnlyForDeploymentPostprocessing = 0;
		};
		17A8441F2C936DB0008721D5 /* Sources */ = {
			isa = PBXSourcesBuildPhase;
			buildActionMask = 2147483647;
			files = (
			);
			runOnlyForDeploymentPostprocessing = 0;
		};
/* End PBXSourcesBuildPhase section */

/* Begin PBXTargetDependency section */
		17A8441B2C936DB0008721D5 /* PBXTargetDependency */ = {
			isa = PBXTargetDependency;
			target = 17A844022C936DAF008721D5 /* Gridflix */;
			targetProxy = 17A8441A2C936DB0008721D5 /* PBXContainerItemProxy */;
		};
		17A844252C936DB0008721D5 /* PBXTargetDependency */ = {
			isa = PBXTargetDependency;
			target = 17A844022C936DAF008721D5 /* Gridflix */;
			targetProxy = 17A844242C936DB0008721D5 /* PBXContainerItemProxy */;
		};
/* End PBXTargetDependency section */

/* Begin XCBuildConfiguration section */
		17A8442D2C936DB0008721D5 /* Debug */ = {
			isa = XCBuildConfiguration;
			buildSettings = {
				ASSETCATALOG_COMPILER_APPICON_NAME = AppIcon;
				ASSETCATALOG_COMPILER_GLOBAL_ACCENT_COLOR_NAME = AccentColor;
				CODE_SIGN_STYLE = Automatic;
				CURRENT_PROJECT_VERSION = 1;
				DEVELOPMENT_TEAM = 8CSXQ3YTP6;
				GENERATE_INFOPLIST_FILE = YES;
				INFOPLIST_FILE = Gridflix/Info.plist;
				INFOPLIST_KEY_UIApplicationSupportsIndirectInputEvents = YES;
				INFOPLIST_KEY_UILaunchStoryboardName = LaunchScreen;
				INFOPLIST_KEY_UIMainStoryboardFile = Main;
				INFOPLIST_KEY_UISupportedInterfaceOrientations_iPad = "UIInterfaceOrientationPortrait UIInterfaceOrientationPortraitUpsideDown UIInterfaceOrientationLandscapeLeft UIInterfaceOrientationLandscapeRight";
				INFOPLIST_KEY_UISupportedInterfaceOrientations_iPhone = "UIInterfaceOrientationPortrait UIInterfaceOrientationLandscapeLeft UIInterfaceOrientationLandscapeRight";
				IPHONEOS_DEPLOYMENT_TARGET = 15.5;
				LD_RUNPATH_SEARCH_PATHS = (
					"$(inherited)",
					"@executable_path/Frameworks",
				);
				MARKETING_VERSION = 1.0;
				PRODUCT_BUNDLE_IDENTIFIER = com.griddynamics.Gridflix;
				PRODUCT_NAME = "$(TARGET_NAME)";
				SWIFT_EMIT_LOC_STRINGS = YES;
				SWIFT_VERSION = 6.0;
				TARGETED_DEVICE_FAMILY = "1,2";
			};
			name = Debug;
		};
		17A8442E2C936DB0008721D5 /* Release */ = {
			isa = XCBuildConfiguration;
			buildSettings = {
				ASSETCATALOG_COMPILER_APPICON_NAME = AppIcon;
				ASSETCATALOG_COMPILER_GLOBAL_ACCENT_COLOR_NAME = AccentColor;
				CODE_SIGN_STYLE = Automatic;
				CURRENT_PROJECT_VERSION = 1;
				DEVELOPMENT_TEAM = 8CSXQ3YTP6;
				GENERATE_INFOPLIST_FILE = YES;
				INFOPLIST_FILE = Gridflix/Info.plist;
				INFOPLIST_KEY_UIApplicationSupportsIndirectInputEvents = YES;
				INFOPLIST_KEY_UILaunchStoryboardName = LaunchScreen;
				INFOPLIST_KEY_UIMainStoryboardFile = Main;
				INFOPLIST_KEY_UISupportedInterfaceOrientations_iPad = "UIInterfaceOrientationPortrait UIInterfaceOrientationPortraitUpsideDown UIInterfaceOrientationLandscapeLeft UIInterfaceOrientationLandscapeRight";
				INFOPLIST_KEY_UISupportedInterfaceOrientations_iPhone = "UIInterfaceOrientationPortrait UIInterfaceOrientationLandscapeLeft UIInterfaceOrientationLandscapeRight";
				IPHONEOS_DEPLOYMENT_TARGET = 15.5;
				LD_RUNPATH_SEARCH_PATHS = (
					"$(inherited)",
					"@executable_path/Frameworks",
				);
				MARKETING_VERSION = 1.0;
				PRODUCT_BUNDLE_IDENTIFIER = com.griddynamics.Gridflix;
				PRODUCT_NAME = "$(TARGET_NAME)";
				SWIFT_EMIT_LOC_STRINGS = YES;
				SWIFT_VERSION = 6.0;
				TARGETED_DEVICE_FAMILY = "1,2";
			};
			name = Release;
		};
		17A8442F2C936DB0008721D5 /* Debug */ = {
			isa = XCBuildConfiguration;
			buildSettings = {
				ALWAYS_SEARCH_USER_PATHS = NO;
				ASSETCATALOG_COMPILER_GENERATE_SWIFT_ASSET_SYMBOL_EXTENSIONS = YES;
				CLANG_ANALYZER_NONNULL = YES;
				CLANG_ANALYZER_NUMBER_OBJECT_CONVERSION = YES_AGGRESSIVE;
				CLANG_CXX_LANGUAGE_STANDARD = "gnu++20";
				CLANG_ENABLE_MODULES = YES;
				CLANG_ENABLE_OBJC_ARC = YES;
				CLANG_ENABLE_OBJC_WEAK = YES;
				CLANG_WARN_BLOCK_CAPTURE_AUTORELEASING = YES;
				CLANG_WARN_BOOL_CONVERSION = YES;
				CLANG_WARN_COMMA = YES;
				CLANG_WARN_CONSTANT_CONVERSION = YES;
				CLANG_WARN_DEPRECATED_OBJC_IMPLEMENTATIONS = YES;
				CLANG_WARN_DIRECT_OBJC_ISA_USAGE = YES_ERROR;
				CLANG_WARN_DOCUMENTATION_COMMENTS = YES;
				CLANG_WARN_EMPTY_BODY = YES;
				CLANG_WARN_ENUM_CONVERSION = YES;
				CLANG_WARN_INFINITE_RECURSION = YES;
				CLANG_WARN_INT_CONVERSION = YES;
				CLANG_WARN_NON_LITERAL_NULL_CONVERSION = YES;
				CLANG_WARN_OBJC_IMPLICIT_RETAIN_SELF = YES;
				CLANG_WARN_OBJC_LITERAL_CONVERSION = YES;
				CLANG_WARN_OBJC_ROOT_CLASS = YES_ERROR;
				CLANG_WARN_QUOTED_INCLUDE_IN_FRAMEWORK_HEADER = YES;
				CLANG_WARN_RANGE_LOOP_ANALYSIS = YES;
				CLANG_WARN_STRICT_PROTOTYPES = YES;
				CLANG_WARN_SUSPICIOUS_MOVE = YES;
				CLANG_WARN_UNGUARDED_AVAILABILITY = YES_AGGRESSIVE;
				CLANG_WARN_UNREACHABLE_CODE = YES;
				CLANG_WARN__DUPLICATE_METHOD_MATCH = YES;
				COPY_PHASE_STRIP = NO;
				DEBUG_INFORMATION_FORMAT = dwarf;
				ENABLE_STRICT_OBJC_MSGSEND = YES;
				ENABLE_TESTABILITY = YES;
				ENABLE_USER_SCRIPT_SANDBOXING = YES;
				GCC_C_LANGUAGE_STANDARD = gnu17;
				GCC_DYNAMIC_NO_PIC = NO;
				GCC_NO_COMMON_BLOCKS = YES;
				GCC_OPTIMIZATION_LEVEL = 0;
				GCC_PREPROCESSOR_DEFINITIONS = (
					"DEBUG=1",
					"$(inherited)",
				);
				GCC_WARN_64_TO_32_BIT_CONVERSION = YES;
				GCC_WARN_ABOUT_RETURN_TYPE = YES_ERROR;
				GCC_WARN_UNDECLARED_SELECTOR = YES;
				GCC_WARN_UNINITIALIZED_AUTOS = YES_AGGRESSIVE;
				GCC_WARN_UNUSED_FUNCTION = YES;
				GCC_WARN_UNUSED_VARIABLE = YES;
				IPHONEOS_DEPLOYMENT_TARGET = 18.0;
				LOCALIZATION_PREFERS_STRING_CATALOGS = YES;
				MTL_ENABLE_DEBUG_INFO = INCLUDE_SOURCE;
				MTL_FAST_MATH = YES;
				ONLY_ACTIVE_ARCH = YES;
				SDKROOT = iphoneos;
				SWIFT_ACTIVE_COMPILATION_CONDITIONS = "DEBUG $(inherited)";
				SWIFT_OPTIMIZATION_LEVEL = "-Onone";
			};
			name = Debug;
		};
		17A844302C936DB0008721D5 /* Release */ = {
			isa = XCBuildConfiguration;
			buildSettings = {
				ALWAYS_SEARCH_USER_PATHS = NO;
				ASSETCATALOG_COMPILER_GENERATE_SWIFT_ASSET_SYMBOL_EXTENSIONS = YES;
				CLANG_ANALYZER_NONNULL = YES;
				CLANG_ANALYZER_NUMBER_OBJECT_CONVERSION = YES_AGGRESSIVE;
				CLANG_CXX_LANGUAGE_STANDARD = "gnu++20";
				CLANG_ENABLE_MODULES = YES;
				CLANG_ENABLE_OBJC_ARC = YES;
				CLANG_ENABLE_OBJC_WEAK = YES;
				CLANG_WARN_BLOCK_CAPTURE_AUTORELEASING = YES;
				CLANG_WARN_BOOL_CONVERSION = YES;
				CLANG_WARN_COMMA = YES;
				CLANG_WARN_CONSTANT_CONVERSION = YES;
				CLANG_WARN_DEPRECATED_OBJC_IMPLEMENTATIONS = YES;
				CLANG_WARN_DIRECT_OBJC_ISA_USAGE = YES_ERROR;
				CLANG_WARN_DOCUMENTATION_COMMENTS = YES;
				CLANG_WARN_EMPTY_BODY = YES;
				CLANG_WARN_ENUM_CONVERSION = YES;
				CLANG_WARN_INFINITE_RECURSION = YES;
				CLANG_WARN_INT_CONVERSION = YES;
				CLANG_WARN_NON_LITERAL_NULL_CONVERSION = YES;
				CLANG_WARN_OBJC_IMPLICIT_RETAIN_SELF = YES;
				CLANG_WARN_OBJC_LITERAL_CONVERSION = YES;
				CLANG_WARN_OBJC_ROOT_CLASS = YES_ERROR;
				CLANG_WARN_QUOTED_INCLUDE_IN_FRAMEWORK_HEADER = YES;
				CLANG_WARN_RANGE_LOOP_ANALYSIS = YES;
				CLANG_WARN_STRICT_PROTOTYPES = YES;
				CLANG_WARN_SUSPICIOUS_MOVE = YES;
				CLANG_WARN_UNGUARDED_AVAILABILITY = YES_AGGRESSIVE;
				CLANG_WARN_UNREACHABLE_CODE = YES;
				CLANG_WARN__DUPLICATE_METHOD_MATCH = YES;
				COPY_PHASE_STRIP = NO;
				DEBUG_INFORMATION_FORMAT = "dwarf-with-dsym";
				ENABLE_NS_ASSERTIONS = NO;
				ENABLE_STRICT_OBJC_MSGSEND = YES;
				ENABLE_USER_SCRIPT_SANDBOXING = YES;
				GCC_C_LANGUAGE_STANDARD = gnu17;
				GCC_NO_COMMON_BLOCKS = YES;
				GCC_WARN_64_TO_32_BIT_CONVERSION = YES;
				GCC_WARN_ABOUT_RETURN_TYPE = YES_ERROR;
				GCC_WARN_UNDECLARED_SELECTOR = YES;
				GCC_WARN_UNINITIALIZED_AUTOS = YES_AGGRESSIVE;
				GCC_WARN_UNUSED_FUNCTION = YES;
				GCC_WARN_UNUSED_VARIABLE = YES;
				IPHONEOS_DEPLOYMENT_TARGET = 18.0;
				LOCALIZATION_PREFERS_STRING_CATALOGS = YES;
				MTL_ENABLE_DEBUG_INFO = NO;
				MTL_FAST_MATH = YES;
				SDKROOT = iphoneos;
				SWIFT_COMPILATION_MODE = wholemodule;
				VALIDATE_PRODUCT = YES;
			};
			name = Release;
		};
		17A844322C936DB0008721D5 /* Debug */ = {
			isa = XCBuildConfiguration;
			buildSettings = {
				BUNDLE_LOADER = "$(TEST_HOST)";
				CODE_SIGN_STYLE = Automatic;
				CURRENT_PROJECT_VERSION = 1;
				DEVELOPMENT_TEAM = 8CSXQ3YTP6;
				GENERATE_INFOPLIST_FILE = YES;
				IPHONEOS_DEPLOYMENT_TARGET = 18.0;
				MARKETING_VERSION = 1.0;
				PRODUCT_BUNDLE_IDENTIFIER = com.griddynamics.GridflixTests;
				PRODUCT_NAME = "$(TARGET_NAME)";
				SWIFT_EMIT_LOC_STRINGS = NO;
				SWIFT_VERSION = 5.0;
				TARGETED_DEVICE_FAMILY = "1,2";
				TEST_HOST = "$(BUILT_PRODUCTS_DIR)/Gridflix.app/$(BUNDLE_EXECUTABLE_FOLDER_PATH)/Gridflix";
			};
			name = Debug;
		};
		17A844332C936DB0008721D5 /* Release */ = {
			isa = XCBuildConfiguration;
			buildSettings = {
				BUNDLE_LOADER = "$(TEST_HOST)";
				CODE_SIGN_STYLE = Automatic;
				CURRENT_PROJECT_VERSION = 1;
				DEVELOPMENT_TEAM = 8CSXQ3YTP6;
				GENERATE_INFOPLIST_FILE = YES;
				IPHONEOS_DEPLOYMENT_TARGET = 18.0;
				MARKETING_VERSION = 1.0;
				PRODUCT_BUNDLE_IDENTIFIER = com.griddynamics.GridflixTests;
				PRODUCT_NAME = "$(TARGET_NAME)";
				SWIFT_EMIT_LOC_STRINGS = NO;
				SWIFT_VERSION = 5.0;
				TARGETED_DEVICE_FAMILY = "1,2";
				TEST_HOST = "$(BUILT_PRODUCTS_DIR)/Gridflix.app/$(BUNDLE_EXECUTABLE_FOLDER_PATH)/Gridflix";
			};
			name = Release;
		};
		17A844352C936DB0008721D5 /* Debug */ = {
			isa = XCBuildConfiguration;
			buildSettings = {
				CODE_SIGN_STYLE = Automatic;
				CURRENT_PROJECT_VERSION = 1;
				DEVELOPMENT_TEAM = 8CSXQ3YTP6;
				GENERATE_INFOPLIST_FILE = YES;
				MARKETING_VERSION = 1.0;
				PRODUCT_BUNDLE_IDENTIFIER = com.griddynamics.GridflixUITests;
				PRODUCT_NAME = "$(TARGET_NAME)";
				SWIFT_EMIT_LOC_STRINGS = NO;
				SWIFT_VERSION = 5.0;
				TARGETED_DEVICE_FAMILY = "1,2";
				TEST_TARGET_NAME = Gridflix;
			};
			name = Debug;
		};
		17A844362C936DB0008721D5 /* Release */ = {
			isa = XCBuildConfiguration;
			buildSettings = {
				CODE_SIGN_STYLE = Automatic;
				CURRENT_PROJECT_VERSION = 1;
				DEVELOPMENT_TEAM = 8CSXQ3YTP6;
				GENERATE_INFOPLIST_FILE = YES;
				MARKETING_VERSION = 1.0;
				PRODUCT_BUNDLE_IDENTIFIER = com.griddynamics.GridflixUITests;
				PRODUCT_NAME = "$(TARGET_NAME)";
				SWIFT_EMIT_LOC_STRINGS = NO;
				SWIFT_VERSION = 5.0;
				TARGETED_DEVICE_FAMILY = "1,2";
				TEST_TARGET_NAME = Gridflix;
			};
			name = Release;
		};
/* End XCBuildConfiguration section */

/* Begin XCConfigurationList section */
		17A843FE2C936DAF008721D5 /* Build configuration list for PBXProject "Gridflix" */ = {
			isa = XCConfigurationList;
			buildConfigurations = (
				17A8442F2C936DB0008721D5 /* Debug */,
				17A844302C936DB0008721D5 /* Release */,
			);
			defaultConfigurationIsVisible = 0;
			defaultConfigurationName = Release;
		};
		17A8442C2C936DB0008721D5 /* Build configuration list for PBXNativeTarget "Gridflix" */ = {
			isa = XCConfigurationList;
			buildConfigurations = (
				17A8442D2C936DB0008721D5 /* Debug */,
				17A8442E2C936DB0008721D5 /* Release */,
			);
			defaultConfigurationIsVisible = 0;
			defaultConfigurationName = Release;
		};
		17A844312C936DB0008721D5 /* Build configuration list for PBXNativeTarget "GridflixTests" */ = {
			isa = XCConfigurationList;
			buildConfigurations = (
				17A844322C936DB0008721D5 /* Debug */,
				17A844332C936DB0008721D5 /* Release */,
			);
			defaultConfigurationIsVisible = 0;
			defaultConfigurationName = Release;
		};
		17A844342C936DB0008721D5 /* Build configuration list for PBXNativeTarget "GridflixUITests" */ = {
			isa = XCConfigurationList;
			buildConfigurations = (
				17A844352C936DB0008721D5 /* Debug */,
				17A844362C936DB0008721D5 /* Release */,
			);
			defaultConfigurationIsVisible = 0;
			defaultConfigurationName = Release;
		};
/* End XCConfigurationList section */

/* Begin XCRemoteSwiftPackageReference section */
		178947352CA381ED00598BE3 /* XCRemoteSwiftPackageReference "lottie-spm" */ = {
			isa = XCRemoteSwiftPackageReference;
			repositoryURL = "https://github.com/airbnb/lottie-spm";
			requirement = {
				kind = upToNextMajorVersion;
				minimumVersion = 4.5.0;
			};
		};
		17BAC0A52CC2DB1E0078F69D /* XCRemoteSwiftPackageReference "swift-perception" */ = {
			isa = XCRemoteSwiftPackageReference;
			repositoryURL = "https://github.com/pointfreeco/swift-perception";
			requirement = {
				kind = upToNextMajorVersion;
				minimumVersion = 1.3.5;
			};
		};
/* End XCRemoteSwiftPackageReference section */

/* Begin XCSwiftPackageProductDependency section */
		178947362CA381ED00598BE3 /* Lottie */ = {
			isa = XCSwiftPackageProductDependency;
			package = 178947352CA381ED00598BE3 /* XCRemoteSwiftPackageReference "lottie-spm" */;
			productName = Lottie;
		};
		17BAC0A62CC2DB1E0078F69D /* Perception */ = {
			isa = XCSwiftPackageProductDependency;
			package = 17BAC0A52CC2DB1E0078F69D /* XCRemoteSwiftPackageReference "swift-perception" */;
			productName = Perception;
		};
/* End XCSwiftPackageProductDependency section */
	};
	rootObject = 17A843FB2C936DAF008721D5 /* Project object */;
}
